
Microsoft Visual Studio Solution File, Format Version 12.00
# Visual Studio Version 17
VisualStudioVersion = 17.14.36616.10
MinimumVisualStudioVersion = 10.0.40219.1
Project("{FAE04EC0-301F-11D3-BF4B-00C04F79EFBC}") = "Session-One", "Session-One\Session-One.csproj", "{2F3CDC64-A61F-4D68-8BCF-CDA8CC470E7D}"
EndProject
Project("{FAE04EC0-301F-11D3-BF4B-00C04F79EFBC}") = "Session-Two", "Session-Two\Session-Two.csproj", "{F99C727D-5153-4F00-BB1F-797817E85BD7}"
EndProject
Project("{FAE04EC0-301F-11D3-BF4B-00C04F79EFBC}") = "Session-Three", "Session-Three\Session-Three.csproj", "{6EC7AD62-D6C4-46B4-B3E8-7BDB4222529D}"
EndProject
Project("{FAE04EC0-301F-11D3-BF4B-00C04F79EFBC}") = "Session-Four", "Session-Four\Session-Four.csproj", "{4EF0B1B5-35F5-4B03-9D87-D4DC2B3CC563}"
EndProject
Project("{FAE04EC0-301F-11D3-BF4B-00C04F79EFBC}") = "Session-Five", "Session-Five\Session-Five.csproj", "{6A1E1F91-4FE9-4625-B47C-02699E8788EC}"
EndProject
Project("{FAE04EC0-301F-11D3-BF4B-00C04F79EFBC}") = "Session-Six", "Session-Six\Session-Six.csproj", "{B894CC22-FAEC-4378-8988-C63DAF3ACAAD}"
EndProject
Global
	GlobalSection(SolutionConfigurationPlatforms) = preSolution
		Debug|Any CPU = Debug|Any CPU
		Release|Any CPU = Release|Any CPU
	EndGlobalSection
	GlobalSection(ProjectConfigurationPlatforms) = postSolution
		{2F3CDC64-A61F-4D68-8BCF-CDA8CC470E7D}.Debug|Any CPU.ActiveCfg = Debug|Any CPU
		{2F3CDC64-A61F-4D68-8BCF-CDA8CC470E7D}.Debug|Any CPU.Build.0 = Debug|Any CPU
		{2F3CDC64-A61F-4D68-8BCF-CDA8CC470E7D}.Release|Any CPU.ActiveCfg = Release|Any CPU
		{2F3CDC64-A61F-4D68-8BCF-CDA8CC470E7D}.Release|Any CPU.Build.0 = Release|Any CPU
		{F99C727D-5153-4F00-BB1F-797817E85BD7}.Debug|Any CPU.ActiveCfg = Debug|Any CPU
		{F99C727D-5153-4F00-BB1F-797817E85BD7}.Debug|Any CPU.Build.0 = Debug|Any CPU
		{F99C727D-5153-4F00-BB1F-797817E85BD7}.Release|Any CPU.ActiveCfg = Release|Any CPU
		{F99C727D-5153-4F00-BB1F-797817E85BD7}.Release|Any CPU.Build.0 = Release|Any CPU
		{6EC7AD62-D6C4-46B4-B3E8-7BDB4222529D}.Debug|Any CPU.ActiveCfg = Debug|Any CPU
		{6EC7AD62-D6C4-46B4-B3E8-7BDB4222529D}.Debug|Any CPU.Build.0 = Debug|Any CPU
		{6EC7AD62-D6C4-46B4-B3E8-7BDB4222529D}.Release|Any CPU.ActiveCfg = Release|Any CPU
		{6EC7AD62-D6C4-46B4-B3E8-7BDB4222529D}.Release|Any CPU.Build.0 = Release|Any CPU
		{4EF0B1B5-35F5-4B03-9D87-D4DC2B3CC563}.Debug|Any CPU.ActiveCfg = Debug|Any CPU
		{4EF0B1B5-35F5-4B03-9D87-D4DC2B3CC563}.Debug|Any CPU.Build.0 = Debug|Any CPU
		{4EF0B1B5-35F5-4B03-9D87-D4DC2B3CC563}.Release|Any CPU.ActiveCfg = Release|Any CPU
		{4EF0B1B5-35F5-4B03-9D87-D4DC2B3CC563}.Release|Any CPU.Build.0 = Release|Any CPU
		{6A1E1F91-4FE9-4625-B47C-02699E8788EC}.Debug|Any CPU.ActiveCfg = Debug|Any CPU
		{6A1E1F91-4FE9-4625-B47C-02699E8788EC}.Debug|Any CPU.Build.0 = Debug|Any CPU
		{6A1E1F91-4FE9-4625-B47C-02699E8788EC}.Release|Any CPU.ActiveCfg = Release|Any CPU
		{6A1E1F91-4FE9-4625-B47C-02699E8788EC}.Release|Any CPU.Build.0 = Release|Any CPU
		{B894CC22-FAEC-4378-8988-C63DAF3ACAAD}.Debug|Any CPU.ActiveCfg = Debug|Any CPU
		{B894CC22-FAEC-4378-8988-C63DAF3ACAAD}.Debug|Any CPU.Build.0 = Debug|Any CPU
		{B894CC22-FAEC-4378-8988-C63DAF3ACAAD}.Release|Any CPU.ActiveCfg = Release|Any CPU
		{B894CC22-FAEC-4378-8988-C63DAF3ACAAD}.Release|Any CPU.Build.0 = Release|Any CPU
	EndGlobalSection
	GlobalSection(SolutionProperties) = preSolution
		HideSolutionNode = FALSE
	EndGlobalSection
	GlobalSection(ExtensibilityGlobals) = postSolution
		SolutionGuid = {3FBFB014-2CF7-4632-BF57-50509E931851}
	EndGlobalSection
EndGlobal
